<?xml version="1.0" encoding="utf-8"?>
<Project ToolsVersion="4.0" xmlns="http://schemas.microsoft.com/developer/msbuild/2003">
  <ItemGroup>
    <Filter Include="Source Files">
      <UniqueIdentifier>{4FC737F1-C7A5-4376-A066-2A32D752A2FF}</UniqueIdentifier>
      <Extensions>cpp;c;cc;cxx;c++;cppm;ixx;def;odl;idl;hpj;bat;asm;asmx</Extensions>
    </Filter>
    <Filter Include="Header Files">
      <UniqueIdentifier>{93995380-89BD-4b04-88EB-625FBE52EBFB}</UniqueIdentifier>
      <Extensions>h;hh;hpp;hxx;h++;hm;inl;inc;ipp;xsd</Extensions>
    </Filter>
    <Filter Include="Resource Files">
      <UniqueIdentifier>{67DA6AB6-F800-4c08-8B7A-83BB121AAD01}</UniqueIdentifier>
      <Extensions>rc;ico;cur;bmp;dlg;rc2;rct;bin;rgs;gif;jpg;jpeg;jpe;resx;tiff;tif;png;wav;mfcribbon-ms</Extensions>
    </Filter>
  </ItemGroup>
  <ItemGroup>
    <ClCompile Include="TranslationTest.cpp">
      <Filter>Source Files</Filter>
    </ClCompile>
  </ItemGroup>
  <ItemGroup>
    <ClInclude Include="include\ctranslate2\layers\attention.h">
      <Filter>Header Files</Filter>
    </ClInclude>
    <ClInclude Include="include\ctranslate2\layers\common.h">
      <Filter>Header Files</Filter>
    </ClInclude>
    <ClInclude Include="include\ctranslate2\layers\decoder.h">
      <Filter>Header Files</Filter>
    </ClInclude>
    <ClInclude Include="include\ctranslate2\layers\encoder.h">
      <Filter>Header Files</Filter>
    </ClInclude>
    <ClInclude Include="include\ctranslate2\layers\layers.h">
      <Filter>Header Files</Filter>
    </ClInclude>
    <ClInclude Include="include\ctranslate2\layers\transformer.h">
      <Filter>Header Files</Filter>
    </ClInclude>
    <ClInclude Include="include\ctranslate2\layers\whisper.h">
      <Filter>Header Files</Filter>
    </ClInclude>
    <ClInclude Include="include\ctranslate2\models\language_model.h">
      <Filter>Header Files</Filter>
    </ClInclude>
    <ClInclude Include="include\ctranslate2\models\model.h">
      <Filter>Header Files</Filter>
    </ClInclude>
    <ClInclude Include="include\ctranslate2\models\model_factory.h">
      <Filter>Header Files</Filter>
    </ClInclude>
    <ClInclude Include="include\ctranslate2\models\model_reader.h">
      <Filter>Header Files</Filter>
    </ClInclude>
    <ClInclude Include="include\ctranslate2\models\sequence_to_sequence.h">
      <Filter>Header Files</Filter>
    </ClInclude>
    <ClInclude Include="include\ctranslate2\models\transformer.h">
      <Filter>Header Files</Filter>
    </ClInclude>
    <ClInclude Include="include\ctranslate2\models\whisper.h">
      <Filter>Header Files</Filter>
    </ClInclude>
    <ClInclude Include="include\ctranslate2\ops\activation.h">
      <Filter>Header Files</Filter>
    </ClInclude>
    <ClInclude Include="include\ctranslate2\ops\add.h">
      <Filter>Header Files</Filter>
    </ClInclude>
    <ClInclude Include="include\ctranslate2\ops\bias_add.h">
      <Filter>Header Files</Filter>
    </ClInclude>
    <ClInclude Include="include\ctranslate2\ops\concat.h">
      <Filter>Header Files</Filter>
    </ClInclude>
    <ClInclude Include="include\ctranslate2\ops\conv1d.h">
      <Filter>Header Files</Filter>
    </ClInclude>
    <ClInclude Include="include\ctranslate2\ops\cos.h">
      <Filter>Header Files</Filter>
    </ClInclude>
    <ClInclude Include="include\ctranslate2\ops\dequantize.h">
      <Filter>Header Files</Filter>
    </ClInclude>
    <ClInclude Include="include\ctranslate2\ops\gather.h">
      <Filter>Header Files</Filter>
    </ClInclude>
    <ClInclude Include="include\ctranslate2\ops\gelu.h">
      <Filter>Header Files</Filter>
    </ClInclude>
    <ClInclude Include="include\ctranslate2\ops\gemm.h">
      <Filter>Header Files</Filter>
    </ClInclude>
    <ClInclude Include="include\ctranslate2\ops\gumbel_max.h">
      <Filter>Header Files</Filter>
    </ClInclude>
    <ClInclude Include="include\ctranslate2\ops\identity.h">
      <Filter>Header Files</Filter>
    </ClInclude>
    <ClInclude Include="include\ctranslate2\ops\layer_norm.h">
      <Filter>Header Files</Filter>
    </ClInclude>
    <ClInclude Include="include\ctranslate2\ops\log.h">
      <Filter>Header Files</Filter>
    </ClInclude>
    <ClInclude Include="include\ctranslate2\ops\matmul.h">
      <Filter>Header Files</Filter>
    </ClInclude>
    <ClInclude Include="include\ctranslate2\ops\mean.h">
      <Filter>Header Files</Filter>
    </ClInclude>
    <ClInclude Include="include\ctranslate2\ops\min_max.h">
      <Filter>Header Files</Filter>
    </ClInclude>
    <ClInclude Include="include\ctranslate2\ops\mul.h">
      <Filter>Header Files</Filter>
    </ClInclude>
    <ClInclude Include="include\ctranslate2\ops\multinomial.h">
      <Filter>Header Files</Filter>
    </ClInclude>
    <ClInclude Include="include\ctranslate2\ops\op.h">
      <Filter>Header Files</Filter>
    </ClInclude>
    <ClInclude Include="include\ctranslate2\ops\ops.h">
      <Filter>Header Files</Filter>
    </ClInclude>
    <ClInclude Include="include\ctranslate2\ops\quantize.h">
      <Filter>Header Files</Filter>
    </ClInclude>
    <ClInclude Include="include\ctranslate2\ops\relu.h">
      <Filter>Header Files</Filter>
    </ClInclude>
    <ClInclude Include="include\ctranslate2\ops\reshape.h">
      <Filter>Header Files</Filter>
    </ClInclude>
    <ClInclude Include="include\ctranslate2\ops\rms_norm.h">
      <Filter>Header Files</Filter>
    </ClInclude>
    <ClInclude Include="include\ctranslate2\ops\sin.h">
      <Filter>Header Files</Filter>
    </ClInclude>
    <ClInclude Include="include\ctranslate2\ops\softmax.h">
      <Filter>Header Files</Filter>
    </ClInclude>
    <ClInclude Include="include\ctranslate2\ops\split.h">
      <Filter>Header Files</Filter>
    </ClInclude>
    <ClInclude Include="include\ctranslate2\ops\squeeze.h">
      <Filter>Header Files</Filter>
    </ClInclude>
    <ClInclude Include="include\ctranslate2\ops\sub.h">
      <Filter>Header Files</Filter>
    </ClInclude>
    <ClInclude Include="include\ctranslate2\ops\swish.h">
      <Filter>Header Files</Filter>
    </ClInclude>
    <ClInclude Include="include\ctranslate2\ops\tanh.h">
      <Filter>Header Files</Filter>
    </ClInclude>
    <ClInclude Include="include\ctranslate2\ops\tile.h">
      <Filter>Header Files</Filter>
    </ClInclude>
    <ClInclude Include="include\ctranslate2\ops\topk.h">
      <Filter>Header Files</Filter>
    </ClInclude>
    <ClInclude Include="include\ctranslate2\ops\transpose.h">
      <Filter>Header Files</Filter>
    </ClInclude>
    <ClInclude Include="include\ctranslate2\ops\unsqueeze.h">
      <Filter>Header Files</Filter>
    </ClInclude>
    <ClInclude Include="include\ctranslate2\allocator.h">
      <Filter>Header Files</Filter>
    </ClInclude>
    <ClInclude Include="include\ctranslate2\batch_reader.h">
      <Filter>Header Files</Filter>
    </ClInclude>
    <ClInclude Include="include\ctranslate2\buffered_translation_wrapper.h">
      <Filter>Header Files</Filter>
    </ClInclude>
    <ClInclude Include="include\ctranslate2\decoding.h">
      <Filter>Header Files</Filter>
    </ClInclude>
    <ClInclude Include="include\ctranslate2\decoding_utils.h">
      <Filter>Header Files</Filter>
    </ClInclude>
    <ClInclude Include="include\ctranslate2\devices.h">
      <Filter>Header Files</Filter>
    </ClInclude>
    <ClInclude Include="include\ctranslate2\generation.h">
      <Filter>Header Files</Filter>
    </ClInclude>
    <ClInclude Include="include\ctranslate2\generator.h">
      <Filter>Header Files</Filter>
    </ClInclude>
    <ClInclude Include="include\ctranslate2\logging.h">
      <Filter>Header Files</Filter>
    </ClInclude>
    <ClInclude Include="include\ctranslate2\padder.h">
      <Filter>Header Files</Filter>
    </ClInclude>
    <ClInclude Include="include\ctranslate2\primitives.h">
      <Filter>Header Files</Filter>
    </ClInclude>
    <ClInclude Include="include\ctranslate2\profiler.h">
      <Filter>Header Files</Filter>
    </ClInclude>
    <ClInclude Include="include\ctranslate2\random.h">
      <Filter>Header Files</Filter>
    </ClInclude>
    <ClInclude Include="include\ctranslate2\replica_pool.h">
      <Filter>Header Files</Filter>
    </ClInclude>
    <ClInclude Include="include\ctranslate2\sampling.h">
      <Filter>Header Files</Filter>
    </ClInclude>
    <ClInclude Include="include\ctranslate2\scoring.h">
      <Filter>Header Files</Filter>
    </ClInclude>
    <ClInclude Include="include\ctranslate2\storage_view.h">
      <Filter>Header Files</Filter>
    </ClInclude>
    <ClInclude Include="include\ctranslate2\thread_pool.h">
      <Filter>Header Files</Filter>
    </ClInclude>
    <ClInclude Include="include\ctranslate2\translation.h">
      <Filter>Header Files</Filter>
    </ClInclude>
    <ClInclude Include="include\ctranslate2\translator.h">
      <Filter>Header Files</Filter>
    </ClInclude>
    <ClInclude Include="include\ctranslate2\types.h">
      <Filter>Header Files</Filter>
    </ClInclude>
    <ClInclude Include="include\ctranslate2\utils.h">
      <Filter>Header Files</Filter>
    </ClInclude>
    <ClInclude Include="include\ctranslate2\vocabulary.h">
      <Filter>Header Files</Filter>
    </ClInclude>
    <ClInclude Include="include\ctranslate2\vocabulary_map.h">
      <Filter>Header Files</Filter>
    </ClInclude>
    <ClInclude Include="include\half_float\half.hpp">
      <Filter>Header Files</Filter>
    </ClInclude>
    <ClInclude Include="include\nlohmann\json.hpp">
      <Filter>Header Files</Filter>
    </ClInclude>
    <ClInclude Include="include\onmt\unicode\Unicode.h">
      <Filter>Header Files</Filter>
    </ClInclude>
    <ClInclude Include="include\onmt\BPE.h">
      <Filter>Header Files</Filter>
    </ClInclude>
    <ClInclude Include="include\onmt\BPELearner.h">
      <Filter>Header Files</Filter>
    </ClInclude>
    <ClInclude Include="include\onmt\ITokenizer.h">
      <Filter>Header Files</Filter>
    </ClInclude>
    <ClInclude Include="include\onmt\SentencePiece.h">
      <Filter>Header Files</Filter>
    </ClInclude>
    <ClInclude Include="include\onmt\SentencePieceLearner.h">
      <Filter>Header Files</Filter>
    </ClInclude>
    <ClInclude Include="include\onmt\SPMLearner.h">
      <Filter>Header Files</Filter>
    </ClInclude>
    <ClInclude Include="include\onmt\SubwordEncoder.h">
      <Filter>Header Files</Filter>
    </ClInclude>
    <ClInclude Include="include\onmt\SubwordLearner.h">
      <Filter>Header Files</Filter>
    </ClInclude>
    <ClInclude Include="include\onmt\Token.h">
      <Filter>Header Files</Filter>
    </ClInclude>
    <ClInclude Include="include\onmt\Tokenizer.h">
      <Filter>Header Files</Filter>
    </ClInclude>
    <ClInclude Include="include\onmt\Vocab.h">
      <Filter>Header Files</Filter>
    </ClInclude>
    <ClInclude Include="include\onmt\opennmttokenizer_export.h">
      <Filter>Header Files</Filter>
    </ClInclude>
  </ItemGroup>
</Project>